
Microsoft Visual Studio Solution File, Format Version 12.00
# Visual Studio Version 17
VisualStudioVersion = 17.14.37328.6
MinimumVisualStudioVersion = 10.0.40219.1
Project("{FAE04EC0-301F-11D3-BF4B-00C04F79EFBC}") = "UnitConversionAPI", "UnitConversionAPI\UnitConversionAPI.csproj", "{0A27BCFE-2870-4F1B-B623-A5FA24BBB6B8}"
EndProject
Project("{FAE04EC0-301F-11D3-BF4B-00C04F79EFBC}") = "UnitConversionAPI.Tests", "UnitConversionAPI.Tests\UnitConversionAPI.Tests.csproj", "{67C46313-FFC5-496D-BF6F-970C4446811D}"
EndProject
Global
	GlobalSection(SolutionConfigurationPlatforms) = preSolution
		Debug|Any CPU = Debug|Any CPU
		Release|Any CPU = Release|Any CPU
	EndGlobalSection
	GlobalSection(ProjectConfigurationPlatforms) = postSolution
		{0A27BCFE-2870-4F1B-B623-A5FA24BBB6B8}.Debug|Any CPU.ActiveCfg = Debug|Any CPU
		{0A27BCFE-2870-4F1B-B623-A5FA24BBB6B8}.Debug|Any CPU.Build.0 = Debug|Any CPU
		{0A27BCFE-2870-4F1B-B623-A5FA24BBB6B8}.Release|Any CPU.ActiveCfg = Release|Any CPU
		{0A27BCFE-2870-4F1B-B623-A5FA24BBB6B8}.Release|Any CPU.Build.0 = Release|Any CPU
		{67C46313-FFC5-496D-BF6F-970C4446811D}.Debug|Any CPU.ActiveCfg = Debug|Any CPU
		{67C46313-FFC5-496D-BF6F-970C4446811D}.Debug|Any CPU.Build.0 = Debug|Any CPU
		{67C46313-FFC5-496D-BF6F-970C4446811D}.Release|Any CPU.ActiveCfg = Release|Any CPU
		{67C46313-FFC5-496D-BF6F-970C4446811D}.Release|Any CPU.Build.0 = Release|Any CPU
	EndGlobalSection
	GlobalSection(SolutionProperties) = preSolution
		HideSolutionNode = FALSE
	EndGlobalSection
	GlobalSection(ExtensibilityGlobals) = postSolution
		SolutionGuid = {D6813EBD-4337-4C08-8F86-416E93511987}
	EndGlobalSection
EndGlobal
